
Microsoft Visual Studio Solution File, Format Version 12.00
# Visual Studio 15
VisualStudioVersion = 15.0.28307.271
MinimumVisualStudioVersion = 10.0.40219.1
Project("{FAE04EC0-301F-11D3-BF4B-00C04F79EFBC}") = "BOM", "BOM\BOM.csproj", "{C1BAB599-E7AE-4F78-943E-078DDCE03571}"
EndProject
Global
	GlobalSection(SolutionConfigurationPlatforms) = preSolution
		Debug|Any CPU = Debug|Any CPU
		Debug|x86 = Debug|x86
		Release|Any CPU = Release|Any CPU
		Release|x86 = Release|x86
	EndGlobalSection
	GlobalSection(ProjectConfigurationPlatforms) = postSolution
		{C1BAB599-E7AE-4F78-943E-078DDCE03571}.Debug|Any CPU.ActiveCfg = Debug|Any CPU
		{C1BAB599-E7AE-4F78-943E-078DDCE03571}.Debug|Any CPU.Build.0 = Debug|Any CPU
		{C1BAB599-E7AE-4F78-943E-078DDCE03571}.Debug|x86.ActiveCfg = Debug|Any CPU
		{C1BAB599-E7AE-4F78-943E-078DDCE03571}.Debug|x86.Build.0 = Debug|Any CPU
		{C1BAB599-E7AE-4F78-943E-078DDCE03571}.Release|Any CPU.ActiveCfg = Release|Any CPU
		{C1BAB599-E7AE-4F78-943E-078DDCE03571}.Release|Any CPU.Build.0 = Release|Any CPU
		{C1BAB599-E7AE-4F78-943E-078DDCE03571}.Release|x86.ActiveCfg = Release|x86
		{C1BAB599-E7AE-4F78-943E-078DDCE03571}.Release|x86.Build.0 = Release|x86
	EndGlobalSection
	GlobalSection(SolutionProperties) = preSolution
		HideSolutionNode = FALSE
	EndGlobalSection
	GlobalSection(ExtensibilityGlobals) = postSolution
		SolutionGuid = {160AD3AD-A012-4978-BCEA-05D5FACE5D81}
	EndGlobalSection
	GlobalSection(TeamFoundationVersionControl) = preSolution
		SccNumberOfProjects = 2
		SccEnterpriseProvider = {4CA58AB2-18FA-4F8D-95D4-32DDF27D184C}
		SccTeamFoundationServer = http://p02042529:8080/tfs/zsi
		SccLocalPath0 = .
		SccProjectUniqueName1 = BOM\\BOM.csproj
		SccProjectName1 = BOM
		SccLocalPath1 = BOM
	EndGlobalSection
EndGlobal
